
Microsoft Visual Studio Solution File, Format Version 12.00
# Visual Studio Version 16
VisualStudioVersion = 16.0.33027.164
MinimumVisualStudioVersion = 10.0.40219.1
Project("{FAE04EC0-301F-11D3-BF4B-00C04F79EFBC}") = "flow-layout-panel-demo-00", "flow-layout-panel-demo-00\flow-layout-panel-demo-00.csproj", "{347A6B6B-1800-48C4-9554-4DC9580D7C51}"
EndProject
Global
	GlobalSection(SolutionConfigurationPlatforms) = preSolution
		Debug|Any CPU = Debug|Any CPU
		Release|Any CPU = Release|Any CPU
	EndGlobalSection
	GlobalSection(ProjectConfigurationPlatforms) = postSolution
		{347A6B6B-1800-48C4-9554-4DC9580D7C51}.Debug|Any CPU.ActiveCfg = Debug|Any CPU
		{347A6B6B-1800-48C4-9554-4DC9580D7C51}.Debug|Any CPU.Build.0 = Debug|Any CPU
		{347A6B6B-1800-48C4-9554-4DC9580D7C51}.Release|Any CPU.ActiveCfg = Release|Any CPU
		{347A6B6B-1800-48C4-9554-4DC9580D7C51}.Release|Any CPU.Build.0 = Release|Any CPU
	EndGlobalSection
	GlobalSection(SolutionProperties) = preSolution
		HideSolutionNode = FALSE
	EndGlobalSection
	GlobalSection(ExtensibilityGlobals) = postSolution
		SolutionGuid = {F115B69A-2851-468B-8C05-91B486B1111B}
	EndGlobalSection
EndGlobal
